
Microsoft Visual Studio Solution File, Format Version 12.00
# Visual Studio Version 17
VisualStudioVersion = 17.4.33110.190
MinimumVisualStudioVersion = 10.0.40219.1
Project("{FAE04EC0-301F-11D3-BF4B-00C04F79EFBC}") = "DataLang", "data_lang_try_2\DataLang.csproj", "{A33F9633-8307-4E2D-BD66-9BF7CEF212D3}"
EndProject
Global
	GlobalSection(SolutionConfigurationPlatforms) = preSolution
		Debug|Any CPU = Debug|Any CPU
		Release|Any CPU = Release|Any CPU
	EndGlobalSection
	GlobalSection(ProjectConfigurationPlatforms) = postSolution
		{A33F9633-8307-4E2D-BD66-9BF7CEF212D3}.Debug|Any CPU.ActiveCfg = Debug|Any CPU
		{A33F9633-8307-4E2D-BD66-9BF7CEF212D3}.Debug|Any CPU.Build.0 = Debug|Any CPU
		{A33F9633-8307-4E2D-BD66-9BF7CEF212D3}.Release|Any CPU.ActiveCfg = Release|Any CPU
		{A33F9633-8307-4E2D-BD66-9BF7CEF212D3}.Release|Any CPU.Build.0 = Release|Any CPU
	EndGlobalSection
	GlobalSection(SolutionProperties) = preSolution
		HideSolutionNode = FALSE
	EndGlobalSection
	GlobalSection(ExtensibilityGlobals) = postSolution
		SolutionGuid = {82F0DB0B-EAFA-41D8-91DE-D8DC2F0C97BC}
	EndGlobalSection
EndGlobal
